
Microsoft Visual Studio Solution File, Format Version 12.00
# Visual Studio Version 16
VisualStudioVersion = 16.0.28803.202
MinimumVisualStudioVersion = 10.0.40219.1
Project("{FAE04EC0-301F-11D3-BF4B-00C04F79EFBC}") = "CowboyCafe", "CowboyCafe\CowboyCafe.csproj", "{FA217006-0CF6-4B7F-BAAE-2D37B97C2044}"
EndProject
Global
	GlobalSection(SolutionConfigurationPlatforms) = preSolution
		Debug|Any CPU = Debug|Any CPU
		Release|Any CPU = Release|Any CPU
	EndGlobalSection
	GlobalSection(ProjectConfigurationPlatforms) = postSolution
		{FA217006-0CF6-4B7F-BAAE-2D37B97C2044}.Debug|Any CPU.ActiveCfg = Debug|Any CPU
		{FA217006-0CF6-4B7F-BAAE-2D37B97C2044}.Debug|Any CPU.Build.0 = Debug|Any CPU
		{FA217006-0CF6-4B7F-BAAE-2D37B97C2044}.Release|Any CPU.ActiveCfg = Release|Any CPU
		{FA217006-0CF6-4B7F-BAAE-2D37B97C2044}.Release|Any CPU.Build.0 = Release|Any CPU
	EndGlobalSection
	GlobalSection(SolutionProperties) = preSolution
		HideSolutionNode = FALSE
	EndGlobalSection
	GlobalSection(ExtensibilityGlobals) = postSolution
		SolutionGuid = {2D6DBEBC-0A99-44B6-8F55-B5BABD0FE419}
	EndGlobalSection
EndGlobal
